# THIS IS AN AUTOGENERATED FILE. DO NOT EDIT THIS FILE DIRECTLY.
# yarn lockfile v1


fullpage.js@^4.0.37:
  version "4.0.37"
  resolved "https://registry.yarnpkg.com/fullpage.js/-/fullpage.js-4.0.37.tgz#15ad8e7d113b0127f97ae56c041ebfd6366b02e2"
  integrity sha512-wrGSdwlriCuDwHtNogsv5B4/utZIWapjhN+UA7xz0teM4u481ZZ5A9EaM9weMfTR5AVzGKdFf6CG/pjqa32D5Q==
